// !$*UTF8*$!
{
	archiveVersion = 1;
	classes = {
	};
	objectVersion = 48;
	objects = {

/* Begin PBXBuildFile section */
		1010499521200B7C009A2330 /* JournalViewController.swift in Sources */ = {isa = PBXBuildFile; fileRef = 1010499421200B7C009A2330 /* JournalViewController.swift */; };
		B457BB49211E91F000DC6CD0 /* ContactUsViewController.swift in Sources */ = {isa = PBXBuildFile; fileRef = B457BB48211E91F000DC6CD0 /* ContactUsViewController.swift */; };
		B46CD9ED21183D6B002C21D8 /* pulsing.swift in Sources */ = {isa = PBXBuildFile; fileRef = B46CD9EC21183D6B002C21D8 /* pulsing.swift */; };
		B46CD9F121183ECF002C21D8 /* BreathingViewController.swift in Sources */ = {isa = PBXBuildFile; fileRef = B46CD9F021183ECF002C21D8 /* BreathingViewController.swift */; };
		B4E4BFB52159B597003B9B57 /* WebViewVC.swift in Sources */ = {isa = PBXBuildFile; fileRef = B4E4BFB42159B597003B9B57 /* WebViewVC.swift */; };
		C80DEFAF2117BAEA00E2604F /* TableViewCellGoal.swift in Sources */ = {isa = PBXBuildFile; fileRef = C80DEFAD2117BAEA00E2604F /* TableViewCellGoal.swift */; };
		C80DEFB02117BAEA00E2604F /* TableViewCellGoal.xib in Resources */ = {isa = PBXBuildFile; fileRef = C80DEFAE2117BAEA00E2604F /* TableViewCellGoal.xib */; };
		C80DEFB22117BBA900E2604F /* GoalsCellsViewController.swift in Sources */ = {isa = PBXBuildFile; fileRef = C80DEFB12117BBA900E2604F /* GoalsCellsViewController.swift */; };
		C8186F79216036F300D88BF0 /* PuslingTests.swift in Sources */ = {isa = PBXBuildFile; fileRef = C8186F78216036F300D88BF0 /* PuslingTests.swift */; };
		C8186F7B21604B3600D88BF0 /* GoalTests.swift in Sources */ = {isa = PBXBuildFile; fileRef = C8186F7A21604B3600D88BF0 /* GoalTests.swift */; };
		C827DF1921531F660061DA0C /* COSC345Tests.swift in Sources */ = {isa = PBXBuildFile; fileRef = C827DF1821531F660061DA0C /* COSC345Tests.swift */; };
		C830BF892092C33B00FFEAA9 /* ImageViewController.swift in Sources */ = {isa = PBXBuildFile; fileRef = C830BF882092C33B00FFEAA9 /* ImageViewController.swift */; };
		C836EA8B2119008800A00EBF /* ViewGoalsViewController.swift in Sources */ = {isa = PBXBuildFile; fileRef = C836EA8A2119008800A00EBF /* ViewGoalsViewController.swift */; };
		C88F2A9E206482110039194A /* AppDelegate.swift in Sources */ = {isa = PBXBuildFile; fileRef = C88F2A9D206482110039194A /* AppDelegate.swift */; };
		C88F2AA0206482110039194A /* HomeViewController.swift in Sources */ = {isa = PBXBuildFile; fileRef = C88F2A9F206482110039194A /* HomeViewController.swift */; };
		C88F2AA3206482120039194A /* Main.storyboard in Resources */ = {isa = PBXBuildFile; fileRef = C88F2AA1206482120039194A /* Main.storyboard */; };
		C88F2AA5206482120039194A /* Assets.xcassets in Resources */ = {isa = PBXBuildFile; fileRef = C88F2AA4206482120039194A /* Assets.xcassets */; };
		C88F2AA8206482120039194A /* LaunchScreen.storyboard in Resources */ = {isa = PBXBuildFile; fileRef = C88F2AA6206482120039194A /* LaunchScreen.storyboard */; };
		C88F2AB22064826E0039194A /* DiaryViewController.swift in Sources */ = {isa = PBXBuildFile; fileRef = C88F2AB12064826E0039194A /* DiaryViewController.swift */; };
		C88F2AB4206485E30039194A /* GoalsViewController.swift in Sources */ = {isa = PBXBuildFile; fileRef = C88F2AB3206485E30039194A /* GoalsViewController.swift */; };
		C88F2ABA206491B40039194A /* InformationViewController.swift in Sources */ = {isa = PBXBuildFile; fileRef = C88F2AB9206491B40039194A /* InformationViewController.swift */; };
		C8D119C320B4AFAD0029739F /* WhatisAGoalViewController.swift in Sources */ = {isa = PBXBuildFile; fileRef = C8D119C220B4AFAD0029739F /* WhatisAGoalViewController.swift */; };
/* End PBXBuildFile section */

/* Begin PBXContainerItemProxy section */
		C827DF1B21531F660061DA0C /* PBXContainerItemProxy */ = {
			isa = PBXContainerItemProxy;
			containerPortal = C88F2A92206482110039194A /* Project object */;
			proxyType = 1;
			remoteGlobalIDString = C88F2A99206482110039194A;
			remoteInfo = COSC345;
		};
/* End PBXContainerItemProxy section */

/* Begin PBXFileReference section */
		1010499421200B7C009A2330 /* JournalViewController.swift */ = {isa = PBXFileReference; lastKnownFileType = sourcecode.swift; path = JournalViewController.swift; sourceTree = "<group>"; };
		B457BB48211E91F000DC6CD0 /* ContactUsViewController.swift */ = {isa = PBXFileReference; lastKnownFileType = sourcecode.swift; path = ContactUsViewController.swift; sourceTree = "<group>"; };
		B46CD9EC21183D6B002C21D8 /* pulsing.swift */ = {isa = PBXFileReference; fileEncoding = 4; lastKnownFileType = sourcecode.swift; path = pulsing.swift; sourceTree = "<group>"; };
		B46CD9F021183ECF002C21D8 /* BreathingViewController.swift */ = {isa = PBXFileReference; fileEncoding = 4; lastKnownFileType = sourcecode.swift; path = BreathingViewController.swift; sourceTree = "<group>"; };
		B4E4BFB42159B597003B9B57 /* WebViewVC.swift */ = {isa = PBXFileReference; lastKnownFileType = sourcecode.swift; path = WebViewVC.swift; sourceTree = "<group>"; };
		C80DEFAD2117BAEA00E2604F /* TableViewCellGoal.swift */ = {isa = PBXFileReference; lastKnownFileType = sourcecode.swift; path = TableViewCellGoal.swift; sourceTree = "<group>"; };
		C80DEFAE2117BAEA00E2604F /* TableViewCellGoal.xib */ = {isa = PBXFileReference; lastKnownFileType = file.xib; path = TableViewCellGoal.xib; sourceTree = "<group>"; };
		C80DEFB12117BBA900E2604F /* GoalsCellsViewController.swift */ = {isa = PBXFileReference; lastKnownFileType = sourcecode.swift; path = GoalsCellsViewController.swift; sourceTree = "<group>"; };
		C8186F78216036F300D88BF0 /* PuslingTests.swift */ = {isa = PBXFileReference; lastKnownFileType = sourcecode.swift; path = PuslingTests.swift; sourceTree = "<group>"; };
		C8186F7A21604B3600D88BF0 /* GoalTests.swift */ = {isa = PBXFileReference; lastKnownFileType = sourcecode.swift; path = GoalTests.swift; sourceTree = "<group>"; };
		C827DF1621531F660061DA0C /* COSC345Tests.xctest */ = {isa = PBXFileReference; explicitFileType = wrapper.cfbundle; includeInIndex = 0; path = COSC345Tests.xctest; sourceTree = BUILT_PRODUCTS_DIR; };
		C827DF1821531F660061DA0C /* COSC345Tests.swift */ = {isa = PBXFileReference; lastKnownFileType = sourcecode.swift; path = COSC345Tests.swift; sourceTree = "<group>"; };
		C827DF1A21531F660061DA0C /* Info.plist */ = {isa = PBXFileReference; lastKnownFileType = text.plist.xml; path = Info.plist; sourceTree = "<group>"; };
		C830BF882092C33B00FFEAA9 /* ImageViewController.swift */ = {isa = PBXFileReference; lastKnownFileType = sourcecode.swift; path = ImageViewController.swift; sourceTree = "<group>"; };
		C836EA8A2119008800A00EBF /* ViewGoalsViewController.swift */ = {isa = PBXFileReference; lastKnownFileType = sourcecode.swift; path = ViewGoalsViewController.swift; sourceTree = "<group>"; };
		C88F2A9A206482110039194A /* COSC345.app */ = {isa = PBXFileReference; explicitFileType = wrapper.application; includeInIndex = 0; path = COSC345.app; sourceTree = BUILT_PRODUCTS_DIR; };
		C88F2A9D206482110039194A /* AppDelegate.swift */ = {isa = PBXFileReference; lastKnownFileType = sourcecode.swift; path = AppDelegate.swift; sourceTree = "<group>"; };
		C88F2A9F206482110039194A /* HomeViewController.swift */ = {isa = PBXFileReference; lastKnownFileType = sourcecode.swift; path = HomeViewController.swift; sourceTree = "<group>"; };
		C88F2AA2206482120039194A /* Base */ = {isa = PBXFileReference; lastKnownFileType = file.storyboard; name = Base; path = Base.lproj/Main.storyboard; sourceTree = "<group>"; };
		C88F2AA4206482120039194A /* Assets.xcassets */ = {isa = PBXFileReference; lastKnownFileType = folder.assetcatalog; path = Assets.xcassets; sourceTree = "<group>"; };
		C88F2AA7206482120039194A /* Base */ = {isa = PBXFileReference; lastKnownFileType = file.storyboard; name = Base; path = Base.lproj/LaunchScreen.storyboard; sourceTree = "<group>"; };
		C88F2AB12064826E0039194A /* DiaryViewController.swift */ = {isa = PBXFileReference; lastKnownFileType = sourcecode.swift; path = DiaryViewController.swift; sourceTree = "<group>"; };
		C88F2AB3206485E30039194A /* GoalsViewController.swift */ = {isa = PBXFileReference; lastKnownFileType = sourcecode.swift; path = GoalsViewController.swift; sourceTree = "<group>"; };
		C88F2AB9206491B40039194A /* InformationViewController.swift */ = {isa = PBXFileReference; lastKnownFileType = sourcecode.swift; path = InformationViewController.swift; sourceTree = "<group>"; };
		C8D119C220B4AFAD0029739F /* WhatisAGoalViewController.swift */ = {isa = PBXFileReference; lastKnownFileType = sourcecode.swift; path = WhatisAGoalViewController.swift; sourceTree = "<group>"; };
/* End PBXFileReference section */

/* Begin PBXFrameworksBuildPhase section */
		C827DF1321531F660061DA0C /* Frameworks */ = {
			isa = PBXFrameworksBuildPhase;
			buildActionMask = 2147483647;
			files = (
			);
			runOnlyForDeploymentPostprocessing = 0;
		};
		C88F2A97206482110039194A /* Frameworks */ = {
			isa = PBXFrameworksBuildPhase;
			buildActionMask = 2147483647;
			files = (
			);
			runOnlyForDeploymentPostprocessing = 0;
		};
/* End PBXFrameworksBuildPhase section */

/* Begin PBXGroup section */
		B473CFEA2159BB4100805D38 /* Journal */ = {
			isa = PBXGroup;
			children = (
				C88F2AB12064826E0039194A /* DiaryViewController.swift */,
				1010499421200B7C009A2330 /* JournalViewController.swift */,
			);
			path = Journal;
			sourceTree = "<group>";
		};
		B473CFEB2159BBE700805D38 /* Image */ = {
			isa = PBXGroup;
			children = (
				C830BF882092C33B00FFEAA9 /* ImageViewController.swift */,
			);
			path = Image;
			sourceTree = "<group>";
		};
		B4E4BFB62159B98D003B9B57 /* Web files */ = {
			isa = PBXGroup;
			children = (
				C88F2AB9206491B40039194A /* InformationViewController.swift */,
				B457BB48211E91F000DC6CD0 /* ContactUsViewController.swift */,
				B4E4BFB42159B597003B9B57 /* WebViewVC.swift */,
			);
			path = "Web files";
			sourceTree = "<group>";
		};
		B4E4BFB72159B9CE003B9B57 /* Breathing */ = {
			isa = PBXGroup;
			children = (
				B46CD9F021183ECF002C21D8 /* BreathingViewController.swift */,
				B46CD9EC21183D6B002C21D8 /* pulsing.swift */,
			);
			path = Breathing;
			sourceTree = "<group>";
		};
		B4E4BFB82159B9ED003B9B57 /* Main */ = {
			isa = PBXGroup;
			children = (
				C88F2A9D206482110039194A /* AppDelegate.swift */,
				C88F2A9F206482110039194A /* HomeViewController.swift */,
				C88F2AA4206482120039194A /* Assets.xcassets */,
				C88F2AA6206482120039194A /* LaunchScreen.storyboard */,
				C88F2AA1206482120039194A /* Main.storyboard */,
			);
			path = Main;
			sourceTree = "<group>";
		};
		B4E4BFB92159BA26003B9B57 /* Goals */ = {
			isa = PBXGroup;
			children = (
				C836EA8A2119008800A00EBF /* ViewGoalsViewController.swift */,
				C80DEFAD2117BAEA00E2604F /* TableViewCellGoal.swift */,
				C80DEFAE2117BAEA00E2604F /* TableViewCellGoal.xib */,
				C80DEFB12117BBA900E2604F /* GoalsCellsViewController.swift */,
				C8D119C220B4AFAD0029739F /* WhatisAGoalViewController.swift */,
				C88F2AB3206485E30039194A /* GoalsViewController.swift */,
			);
			path = Goals;
			sourceTree = "<group>";
		};
		C827DF1721531F660061DA0C /* COSC345Tests */ = {
			isa = PBXGroup;
			children = (
				C827DF1821531F660061DA0C /* COSC345Tests.swift */,
				C827DF1A21531F660061DA0C /* Info.plist */,
				C8186F78216036F300D88BF0 /* PuslingTests.swift */,
				C8186F7A21604B3600D88BF0 /* GoalTests.swift */,
			);
			path = COSC345Tests;
			sourceTree = "<group>";
		};
		C88F2A91206482110039194A = {
			isa = PBXGroup;
			children = (
				C88F2A9C206482110039194A /* COSC345 */,
				C827DF1721531F660061DA0C /* COSC345Tests */,
				C88F2A9B206482110039194A /* Products */,
			);
			sourceTree = "<group>";
		};
		C88F2A9B206482110039194A /* Products */ = {
			isa = PBXGroup;
			children = (
				C88F2A9A206482110039194A /* COSC345.app */,
				C827DF1621531F660061DA0C /* COSC345Tests.xctest */,
			);
			name = Products;
			sourceTree = "<group>";
		};
		C88F2A9C206482110039194A /* COSC345 */ = {
			isa = PBXGroup;
			children = (
				B4E4BFB82159B9ED003B9B57 /* Main */,
				B4E4BFB92159BA26003B9B57 /* Goals */,
				B473CFEB2159BBE700805D38 /* Image */,
				B473CFEA2159BB4100805D38 /* Journal */,
				B4E4BFB72159B9CE003B9B57 /* Breathing */,
				B4E4BFB62159B98D003B9B57 /* Web files */,
			);
			path = COSC345;
			sourceTree = "<group>";
		};
/* End PBXGroup section */

/* Begin PBXNativeTarget section */
		C827DF1521531F660061DA0C /* COSC345Tests */ = {
			isa = PBXNativeTarget;
			buildConfigurationList = C827DF1F21531F660061DA0C /* Build configuration list for PBXNativeTarget "COSC345Tests" */;
			buildPhases = (
				C827DF1221531F660061DA0C /* Sources */,
				C827DF1321531F660061DA0C /* Frameworks */,
				C827DF1421531F660061DA0C /* Resources */,
			);
			buildRules = (
			);
			dependencies = (
				C827DF1C21531F660061DA0C /* PBXTargetDependency */,
			);
			name = COSC345Tests;
			productName = COSC345Tests;
			productReference = C827DF1621531F660061DA0C /* COSC345Tests.xctest */;
			productType = "com.apple.product-type.bundle.unit-test";
		};
		C88F2A99206482110039194A /* COSC345 */ = {
			isa = PBXNativeTarget;
			buildConfigurationList = C88F2AAC206482120039194A /* Build configuration list for PBXNativeTarget "COSC345" */;
			buildPhases = (
				C88F2A96206482110039194A /* Sources */,
				C88F2A97206482110039194A /* Frameworks */,
				C88F2A98206482110039194A /* Resources */,
			);
			buildRules = (
			);
			dependencies = (
			);
			name = COSC345;
			productName = COSC345;
			productReference = C88F2A9A206482110039194A /* COSC345.app */;
			productType = "com.apple.product-type.application";
		};
/* End PBXNativeTarget section */

/* Begin PBXProject section */
		C88F2A92206482110039194A /* Project object */ = {
			isa = PBXProject;
			attributes = {
				LastSwiftUpdateCheck = 0940;
				LastUpgradeCheck = 0940;
				ORGANIZATIONNAME = "Ethan Brake";
				TargetAttributes = {
					C827DF1521531F660061DA0C = {
						CreatedOnToolsVersion = 9.4.1;
						ProvisioningStyle = Automatic;
						TestTargetID = C88F2A99206482110039194A;
					};
					C88F2A99206482110039194A = {
						CreatedOnToolsVersion = 9.1;
						ProvisioningStyle = Automatic;
					};
				};
			};
			buildConfigurationList = C88F2A95206482110039194A /* Build configuration list for PBXProject "COSC345" */;
			compatibilityVersion = "Xcode 8.0";
			developmentRegion = en;
			hasScannedForEncodings = 0;
			knownRegions = (
				en,
				Base,
			);
			mainGroup = C88F2A91206482110039194A;
			productRefGroup = C88F2A9B206482110039194A /* Products */;
			projectDirPath = "";
			projectRoot = "";
			targets = (
				C88F2A99206482110039194A /* COSC345 */,
				C827DF1521531F660061DA0C /* COSC345Tests */,
			);
		};
/* End PBXProject section */

/* Begin PBXResourcesBuildPhase section */
		C827DF1421531F660061DA0C /* Resources */ = {
			isa = PBXResourcesBuildPhase;
			buildActionMask = 2147483647;
			files = (
			);
			runOnlyForDeploymentPostprocessing = 0;
		};
		C88F2A98206482110039194A /* Resources */ = {
			isa = PBXResourcesBuildPhase;
			buildActionMask = 2147483647;
			files = (
				C88F2AA8206482120039194A /* LaunchScreen.storyboard in Resources */,
				C80DEFB02117BAEA00E2604F /* TableViewCellGoal.xib in Resources */,
				C88F2AA5206482120039194A /* Assets.xcassets in Resources */,
				C88F2AA3206482120039194A /* Main.storyboard in Resources */,
			);
			runOnlyForDeploymentPostprocessing = 0;
		};
/* End PBXResourcesBuildPhase section */

/* Begin PBXSourcesBuildPhase section */
		C827DF1221531F660061DA0C /* Sources */ = {
			isa = PBXSourcesBuildPhase;
			buildActionMask = 2147483647;
			files = (
				C8186F79216036F300D88BF0 /* PuslingTests.swift in Sources */,
				C8186F7B21604B3600D88BF0 /* GoalTests.swift in Sources */,
				C827DF1921531F660061DA0C /* COSC345Tests.swift in Sources */,
			);
			runOnlyForDeploymentPostprocessing = 0;
		};
		C88F2A96206482110039194A /* Sources */ = {
			isa = PBXSourcesBuildPhase;
			buildActionMask = 2147483647;
			files = (
				C80DEFAF2117BAEA00E2604F /* TableViewCellGoal.swift in Sources */,
				B4E4BFB52159B597003B9B57 /* WebViewVC.swift in Sources */,
				C830BF892092C33B00FFEAA9 /* ImageViewController.swift in Sources */,
				B457BB49211E91F000DC6CD0 /* ContactUsViewController.swift in Sources */,
				C88F2ABA206491B40039194A /* InformationViewController.swift in Sources */,
				C88F2AB22064826E0039194A /* DiaryViewController.swift in Sources */,
				B46CD9F121183ECF002C21D8 /* BreathingViewController.swift in Sources */,
				C836EA8B2119008800A00EBF /* ViewGoalsViewController.swift in Sources */,
				C88F2AA0206482110039194A /* HomeViewController.swift in Sources */,
				C88F2AB4206485E30039194A /* GoalsViewController.swift in Sources */,
				1010499521200B7C009A2330 /* JournalViewController.swift in Sources */,
				C8D119C320B4AFAD0029739F /* WhatisAGoalViewController.swift in Sources */,
				C80DEFB22117BBA900E2604F /* GoalsCellsViewController.swift in Sources */,
				B46CD9ED21183D6B002C21D8 /* pulsing.swift in Sources */,
				C88F2A9E206482110039194A /* AppDelegate.swift in Sources */,
			);
			runOnlyForDeploymentPostprocessing = 0;
		};
/* End PBXSourcesBuildPhase section */

/* Begin PBXTargetDependency section */
		C827DF1C21531F660061DA0C /* PBXTargetDependency */ = {
			isa = PBXTargetDependency;
			target = C88F2A99206482110039194A /* COSC345 */;
			targetProxy = C827DF1B21531F660061DA0C /* PBXContainerItemProxy */;
		};
/* End PBXTargetDependency section */

/* Begin PBXVariantGroup section */
		C88F2AA1206482120039194A /* Main.storyboard */ = {
			isa = PBXVariantGroup;
			children = (
				C88F2AA2206482120039194A /* Base */,
			);
			name = Main.storyboard;
			sourceTree = "<group>";
		};
		C88F2AA6206482120039194A /* LaunchScreen.storyboard */ = {
			isa = PBXVariantGroup;
			children = (
				C88F2AA7206482120039194A /* Base */,
			);
			name = LaunchScreen.storyboard;
			sourceTree = "<group>";
		};
/* End PBXVariantGroup section */

/* Begin XCBuildConfiguration section */
		C827DF1D21531F660061DA0C /* Debug */ = {
			isa = XCBuildConfiguration;
			buildSettings = {
				BUNDLE_LOADER = "$(TEST_HOST)";
				CLANG_ENABLE_OBJC_WEAK = YES;
				CLANG_WARN_DEPRECATED_OBJC_IMPLEMENTATIONS = YES;
				CLANG_WARN_OBJC_IMPLICIT_RETAIN_SELF = YES;
				CODE_SIGN_STYLE = Automatic;
				DEVELOPMENT_TEAM = 78DPXVPLCN;
				INFOPLIST_FILE = COSC345Tests/Info.plist;
				IPHONEOS_DEPLOYMENT_TARGET = 11.4;
				LD_RUNPATH_SEARCH_PATHS = "$(inherited) @executable_path/Frameworks @loader_path/Frameworks";
				PRODUCT_BUNDLE_IDENTIFIER = com.ebrake.COSC345Tests;
				PRODUCT_NAME = "$(TARGET_NAME)";
				SWIFT_VERSION = 4.0;
				TARGETED_DEVICE_FAMILY = "1,2";
				TEST_HOST = "$(BUILT_PRODUCTS_DIR)/COSC345.app/COSC345";
			};
			name = Debug;
		};
		C827DF1E21531F660061DA0C /* Release */ = {
			isa = XCBuildConfiguration;
			buildSettings = {
				BUNDLE_LOADER = "$(TEST_HOST)";
				CLANG_ENABLE_OBJC_WEAK = YES;
				CLANG_WARN_DEPRECATED_OBJC_IMPLEMENTATIONS = YES;
				CLANG_WARN_OBJC_IMPLICIT_RETAIN_SELF = YES;
				CODE_SIGN_STYLE = Automatic;
				DEVELOPMENT_TEAM = 78DPXVPLCN;
				INFOPLIST_FILE = COSC345Tests/Info.plist;
				IPHONEOS_DEPLOYMENT_TARGET = 11.4;
				LD_RUNPATH_SEARCH_PATHS = "$(inherited) @executable_path/Frameworks @loader_path/Frameworks";
				PRODUCT_BUNDLE_IDENTIFIER = com.ebrake.COSC345Tests;
				PRODUCT_NAME = "$(TARGET_NAME)";
				SWIFT_VERSION = 4.0;
				TARGETED_DEVICE_FAMILY = "1,2";
				TEST_HOST = "$(BUILT_PRODUCTS_DIR)/COSC345.app/COSC345";
			};
			name = Release;
		};
		C88F2AAA206482120039194A /* Debug */ = {
			isa = XCBuildConfiguration;
			buildSettings = {
				ALWAYS_SEARCH_USER_PATHS = NO;
				CLANG_ANALYZER_NONNULL = YES;
				CLANG_ANALYZER_NUMBER_OBJECT_CONVERSION = YES_AGGRESSIVE;
				CLANG_CXX_LANGUAGE_STANDARD = "gnu++14";
				CLANG_CXX_LIBRARY = "libc++";
				CLANG_ENABLE_MODULES = YES;
				CLANG_ENABLE_OBJC_ARC = YES;
				CLANG_WARN_BLOCK_CAPTURE_AUTORELEASING = YES;
				CLANG_WARN_BOOL_CONVERSION = YES;
				CLANG_WARN_COMMA = YES;
				CLANG_WARN_CONSTANT_CONVERSION = YES;
				CLANG_WARN_DEPRECATED_OBJC_IMPLEMENTATIONS = YES;
				CLANG_WARN_DIRECT_OBJC_ISA_USAGE = YES_ERROR;
				CLANG_WARN_DOCUMENTATION_COMMENTS = YES;
				CLANG_WARN_EMPTY_BODY = YES;
				CLANG_WARN_ENUM_CONVERSION = YES;
				CLANG_WARN_INFINITE_RECURSION = YES;
				CLANG_WARN_INT_CONVERSION = YES;
				CLANG_WARN_NON_LITERAL_NULL_CONVERSION = YES;
				CLANG_WARN_OBJC_IMPLICIT_RETAIN_SELF = YES;
				CLANG_WARN_OBJC_LITERAL_CONVERSION = YES;
				CLANG_WARN_OBJC_ROOT_CLASS = YES_ERROR;
				CLANG_WARN_RANGE_LOOP_ANALYSIS = YES;
				CLANG_WARN_STRICT_PROTOTYPES = YES;
				CLANG_WARN_SUSPICIOUS_MOVE = YES;
				CLANG_WARN_UNGUARDED_AVAILABILITY = YES_AGGRESSIVE;
				CLANG_WARN_UNREACHABLE_CODE = YES;
				CLANG_WARN__DUPLICATE_METHOD_MATCH = YES;
				CODE_SIGN_IDENTITY = "iPhone Developer";
				COPY_PHASE_STRIP = NO;
				DEBUG_INFORMATION_FORMAT = dwarf;
				ENABLE_STRICT_OBJC_MSGSEND = YES;
				ENABLE_TESTABILITY = YES;
				GCC_C_LANGUAGE_STANDARD = gnu11;
				GCC_DYNAMIC_NO_PIC = NO;
				GCC_NO_COMMON_BLOCKS = YES;
				GCC_OPTIMIZATION_LEVEL = 0;
				GCC_PREPROCESSOR_DEFINITIONS = (
					"DEBUG=1",
					"$(inherited)",
				);
				GCC_WARN_64_TO_32_BIT_CONVERSION = YES;
				GCC_WARN_ABOUT_RETURN_TYPE = YES_ERROR;
				GCC_WARN_UNDECLARED_SELECTOR = YES;
				GCC_WARN_UNINITIALIZED_AUTOS = YES_AGGRESSIVE;
				GCC_WARN_UNUSED_FUNCTION = YES;
				GCC_WARN_UNUSED_VARIABLE = YES;
				IPHONEOS_DEPLOYMENT_TARGET = 11.1;
				MTL_ENABLE_DEBUG_INFO = YES;
				ONLY_ACTIVE_ARCH = YES;
				SDKROOT = iphoneos;
				SWIFT_ACTIVE_COMPILATION_CONDITIONS = DEBUG;
				SWIFT_OPTIMIZATION_LEVEL = "-Onone";
			};
			name = Debug;
		};
		C88F2AAB206482120039194A /* Release */ = {
			isa = XCBuildConfiguration;
			buildSettings = {
				ALWAYS_SEARCH_USER_PATHS = NO;
				CLANG_ANALYZER_NONNULL = YES;
				CLANG_ANALYZER_NUMBER_OBJECT_CONVERSION = YES_AGGRESSIVE;
				CLANG_CXX_LANGUAGE_STANDARD = "gnu++14";
				CLANG_CXX_LIBRARY = "libc++";
				CLANG_ENABLE_MODULES = YES;
				CLANG_ENABLE_OBJC_ARC = YES;
				CLANG_WARN_BLOCK_CAPTURE_AUTORELEASING = YES;
				CLANG_WARN_BOOL_CONVERSION = YES;
				CLANG_WARN_COMMA = YES;
				CLANG_WARN_CONSTANT_CONVERSION = YES;
				CLANG_WARN_DEPRECATED_OBJC_IMPLEMENTATIONS = YES;
				CLANG_WARN_DIRECT_OBJC_ISA_USAGE = YES_ERROR;
				CLANG_WARN_DOCUMENTATION_COMMENTS = YES;
				CLANG_WARN_EMPTY_BODY = YES;
				CLANG_WARN_ENUM_CONVERSION = YES;
				CLANG_WARN_INFINITE_RECURSION = YES;
				CLANG_WARN_INT_CONVERSION = YES;
				CLANG_WARN_NON_LITERAL_NULL_CONVERSION = YES;
				CLANG_WARN_OBJC_IMPLICIT_RETAIN_SELF = YES;
				CLANG_WARN_OBJC_LITERAL_CONVERSION = YES;
				CLANG_WARN_OBJC_ROOT_CLASS = YES_ERROR;
				CLANG_WARN_RANGE_LOOP_ANALYSIS = YES;
				CLANG_WARN_STRICT_PROTOTYPES = YES;
				CLANG_WARN_SUSPICIOUS_MOVE = YES;
				CLANG_WARN_UNGUARDED_AVAILABILITY = YES_AGGRESSIVE;
				CLANG_WARN_UNREACHABLE_CODE = YES;
				CLANG_WARN__DUPLICATE_METHOD_MATCH = YES;
				CODE_SIGN_IDENTITY = "iPhone Developer";
				COPY_PHASE_STRIP = NO;
				DEBUG_INFORMATION_FORMAT = "dwarf-with-dsym";
				ENABLE_NS_ASSERTIONS = NO;
				ENABLE_STRICT_OBJC_MSGSEND = YES;
				GCC_C_LANGUAGE_STANDARD = gnu11;
				GCC_NO_COMMON_BLOCKS = YES;
				GCC_WARN_64_TO_32_BIT_CONVERSION = YES;
				GCC_WARN_ABOUT_RETURN_TYPE = YES_ERROR;
				GCC_WARN_UNDECLARED_SELECTOR = YES;
				GCC_WARN_UNINITIALIZED_AUTOS = YES_AGGRESSIVE;
				GCC_WARN_UNUSED_FUNCTION = YES;
				GCC_WARN_UNUSED_VARIABLE = YES;
				IPHONEOS_DEPLOYMENT_TARGET = 11.1;
				MTL_ENABLE_DEBUG_INFO = NO;
				SDKROOT = iphoneos;
				SWIFT_OPTIMIZATION_LEVEL = "-Owholemodule";
				VALIDATE_PRODUCT = YES;
			};
			name = Release;
		};
		C88F2AAD206482120039194A /* Debug */ = {
			isa = XCBuildConfiguration;
			buildSettings = {
				ASSETCATALOG_COMPILER_APPICON_NAME = AppIcon;
				CODE_SIGN_STYLE = Automatic;
				DEVELOPMENT_TEAM = 78DPXVPLCN;
				INFOPLIST_FILE = COSC345/Info.plist;
				LD_RUNPATH_SEARCH_PATHS = "$(inherited) @executable_path/Frameworks";
				PRODUCT_BUNDLE_IDENTIFIER = com.ebrake.COSC345;
				PRODUCT_NAME = "$(TARGET_NAME)";
				SWIFT_VERSION = 4.0;
				TARGETED_DEVICE_FAMILY = "1,2";
			};
			name = Debug;
		};
		C88F2AAE206482120039194A /* Release */ = {
			isa = XCBuildConfiguration;
			buildSettings = {
				ASSETCATALOG_COMPILER_APPICON_NAME = AppIcon;
				CODE_SIGN_STYLE = Automatic;
				DEVELOPMENT_TEAM = 78DPXVPLCN;
				INFOPLIST_FILE = COSC345/Info.plist;
				LD_RUNPATH_SEARCH_PATHS = "$(inherited) @executable_path/Frameworks";
				PRODUCT_BUNDLE_IDENTIFIER = com.ebrake.COSC345;
				PRODUCT_NAME = "$(TARGET_NAME)";
				SWIFT_VERSION = 4.0;
				TARGETED_DEVICE_FAMILY = "1,2";
			};
			name = Release;
		};
/* End XCBuildConfiguration section */

/* Begin XCConfigurationList section */
		C827DF1F21531F660061DA0C /* Build configuration list for PBXNativeTarget "COSC345Tests" */ = {
			isa = XCConfigurationList;
			buildConfigurations = (
				C827DF1D21531F660061DA0C /* Debug */,
				C827DF1E21531F660061DA0C /* Release */,
			);
			defaultConfigurationIsVisible = 0;
			defaultConfigurationName = Release;
		};
		C88F2A95206482110039194A /* Build configuration list for PBXProject "COSC345" */ = {
			isa = XCConfigurationList;
			buildConfigurations = (
				C88F2AAA206482120039194A /* Debug */,
				C88F2AAB206482120039194A /* Release */,
			);
			defaultConfigurationIsVisible = 0;
			defaultConfigurationName = Release;
		};
		C88F2AAC206482120039194A /* Build configuration list for PBXNativeTarget "COSC345" */ = {
			isa = XCConfigurationList;
			buildConfigurations = (
				C88F2AAD206482120039194A /* Debug */,
				C88F2AAE206482120039194A /* Release */,
			);
			defaultConfigurationIsVisible = 0;
			defaultConfigurationName = Release;
		};
/* End XCConfigurationList section */
	};
	rootObject = C88F2A92206482110039194A /* Project object */;
}
